
Microsoft Visual Studio Solution File, Format Version 12.00
# Visual Studio Version 16
VisualStudioVersion = 16.0.30804.86
MinimumVisualStudioVersion = 10.0.40219.1
Project("{FAE04EC0-301F-11D3-BF4B-00C04F79EFBC}") = "GoOn", "CSE355BYS\GoOn.csproj", "{09650DE8-14CD-4D5B-8763-26B1B94EA12C}"
EndProject
Global
	GlobalSection(SolutionConfigurationPlatforms) = preSolution
		Debug|Any CPU = Debug|Any CPU
		Release|Any CPU = Release|Any CPU
	EndGlobalSection
	GlobalSection(ProjectConfigurationPlatforms) = postSolution
		{09650DE8-14CD-4D5B-8763-26B1B94EA12C}.Debug|Any CPU.ActiveCfg = Debug|Any CPU
		{09650DE8-14CD-4D5B-8763-26B1B94EA12C}.Debug|Any CPU.Build.0 = Debug|Any CPU
		{09650DE8-14CD-4D5B-8763-26B1B94EA12C}.Release|Any CPU.ActiveCfg = Release|Any CPU
		{09650DE8-14CD-4D5B-8763-26B1B94EA12C}.Release|Any CPU.Build.0 = Release|Any CPU
	EndGlobalSection
	GlobalSection(SolutionProperties) = preSolution
		HideSolutionNode = FALSE
	EndGlobalSection
	GlobalSection(ExtensibilityGlobals) = postSolution
		SolutionGuid = {16383C61-85F7-4024-A3AB-8F1D05652EAE}
	EndGlobalSection
EndGlobal
